{
  "name": "url-shape",
  "version": "1.2.7",
  "lockfileVersion": 3,
  "requires": true,
  "packages": {
    "": {
      "name": "url-shape",
      "version": "1.2.7",
      "license": "MIT",
      "dependencies": {
        "path-to-regexp": "^8.3.0",
        "quasiurl": "^1.0.2",
        "query-string": "^9.3.1",
        "unpack-schema": "^1.2.4"
      },
      "devDependencies": {
        "@types/node": "^24.7.1",
        "typescript": "^5.9.3",
        "zod": "^4.1.12"
      }
    },
    "node_modules/@types/node": {
      "version": "24.7.1",
      "resolved": "https://registry.npmjs.org/@types/node/-/node-24.7.1.tgz",
      "integrity": "sha512-CmyhGZanP88uuC5GpWU9q+fI61j2SkhO3UGMUdfYRE6Bcy0ccyzn1Rqj9YAB/ZY4kOXmNf0ocah5GtphmLMP6Q==",
      "dev": true,
      "license": "MIT",
      "dependencies": {
        "undici-types": "~7.14.0"
      }
    },
    "node_modules/decode-uri-component": {
      "version": "0.4.1",
      "resolved": "https://registry.npmjs.org/decode-uri-component/-/decode-uri-component-0.4.1.tgz",
      "integrity": "sha512-+8VxcR21HhTy8nOt6jf20w0c9CADrw1O8d+VZ/YzzCt4bJ3uBjw+D1q2osAB8RnpwwaeYBxy0HyKQxD5JBMuuQ==",
      "license": "MIT",
      "engines": {
        "node": ">=14.16"
      }
    },
    "node_modules/filter-obj": {
      "version": "5.1.0",
      "resolved": "https://registry.npmjs.org/filter-obj/-/filter-obj-5.1.0.tgz",
      "integrity": "sha512-qWeTREPoT7I0bifpPUXtxkZJ1XJzxWtfoWWkdVGqa+eCr3SHW/Ocp89o8vLvbUuQnadybJpjOKu4V+RwO6sGng==",
      "license": "MIT",
      "engines": {
        "node": ">=14.16"
      },
      "funding": {
        "url": "https://github.com/sponsors/sindresorhus"
      }
    },
    "node_modules/path-to-regexp": {
      "version": "8.3.0",
      "resolved": "https://registry.npmjs.org/path-to-regexp/-/path-to-regexp-8.3.0.tgz",
      "integrity": "sha512-7jdwVIRtsP8MYpdXSwOS0YdD0Du+qOoF/AEPIt88PcCFrZCzx41oxku1jD88hZBwbNUIEfpqvuhjFaMAqMTWnA==",
      "license": "MIT",
      "funding": {
        "type": "opencollective",
        "url": "https://opencollective.com/express"
      }
    },
    "node_modules/quasiurl": {
      "version": "1.0.2",
      "resolved": "https://registry.npmjs.org/quasiurl/-/quasiurl-1.0.2.tgz",
      "integrity": "sha512-YpeaU0MW6BdtuRVDTJkqD1dPS7VIjjvWXLyU/ooPdu8YCl3YhhXO2+00OZIRSuTE0x7RUQokfFrVezE5XBdzyw==",
      "license": "ISC"
    },
    "node_modules/query-string": {
      "version": "9.3.1",
      "resolved": "https://registry.npmjs.org/query-string/-/query-string-9.3.1.tgz",
      "integrity": "sha512-5fBfMOcDi5SA9qj5jZhWAcTtDfKF5WFdd2uD9nVNlbxVv1baq65aALy6qofpNEGELHvisjjasxQp7BlM9gvMzw==",
      "license": "MIT",
      "dependencies": {
        "decode-uri-component": "^0.4.1",
        "filter-obj": "^5.1.0",
        "split-on-first": "^3.0.0"
      },
      "engines": {
        "node": ">=18"
      },
      "funding": {
        "url": "https://github.com/sponsors/sindresorhus"
      }
    },
    "node_modules/split-on-first": {
      "version": "3.0.0",
      "resolved": "https://registry.npmjs.org/split-on-first/-/split-on-first-3.0.0.tgz",
      "integrity": "sha512-qxQJTx2ryR0Dw0ITYyekNQWpz6f8dGd7vffGNflQQ3Iqj9NJ6qiZ7ELpZsJ/QBhIVAiDfXdag3+Gp8RvWa62AA==",
      "license": "MIT",
      "engines": {
        "node": ">=12"
      },
      "funding": {
        "url": "https://github.com/sponsors/sindresorhus"
      }
    },
    "node_modules/typescript": {
      "version": "5.9.3",
      "resolved": "https://registry.npmjs.org/typescript/-/typescript-5.9.3.tgz",
      "integrity": "sha512-jl1vZzPDinLr9eUt3J/t7V6FgNEw9QjvBPdysz9KfQDD41fQrC2Y4vKQdiaUpFT4bXlb1RHhLpp8wtm6M5TgSw==",
      "dev": true,
      "license": "Apache-2.0",
      "bin": {
        "tsc": "bin/tsc",
        "tsserver": "bin/tsserver"
      },
      "engines": {
        "node": ">=14.17"
      }
    },
    "node_modules/undici-types": {
      "version": "7.14.0",
      "resolved": "https://registry.npmjs.org/undici-types/-/undici-types-7.14.0.tgz",
      "integrity": "sha512-QQiYxHuyZ9gQUIrmPo3IA+hUl4KYk8uSA7cHrcKd/l3p1OTpZcM0Tbp9x7FAtXdAYhlasd60ncPpgu6ihG6TOA==",
      "dev": true,
      "license": "MIT"
    },
    "node_modules/unpack-schema": {
      "version": "1.2.4",
      "resolved": "https://registry.npmjs.org/unpack-schema/-/unpack-schema-1.2.4.tgz",
      "integrity": "sha512-3MgqlZUFCNYJfhzF7oGIf5bgIkgasqxvM6ZSB3Z+nDriOf5tzN44g/Ev06l+esKiltIYdaOyRYNcdxNpBYsomQ==",
      "license": "ISC"
    },
    "node_modules/zod": {
      "version": "4.1.12",
      "resolved": "https://registry.npmjs.org/zod/-/zod-4.1.12.tgz",
      "integrity": "sha512-JInaHOamG8pt5+Ey8kGmdcAcg3OL9reK8ltczgHTAwNhMys/6ThXHityHxVV2p3fkw/c+MAvBHFVYHFZDmjMCQ==",
      "dev": true,
      "license": "MIT",
      "funding": {
        "url": "https://github.com/sponsors/colinhacks"
      }
    }
  }
}
